// !$*UTF8*$!
{
	archiveVersion = 1;
	classes = {
	};
	objectVersion = 46;
	objects = {

/* Begin PBXBuildFile section */
		5EE3453C1E86BB04007FCFEB /* main.m in Sources */ = {isa = PBXBuildFile; fileRef = 5EE3453B1E86BB04007FCFEB /* main.m */; };
		5EE3453F1E86BB04007FCFEB /* AppDelegate.m in Sources */ = {isa = PBXBuildFile; fileRef = 5EE3453E1E86BB04007FCFEB /* AppDelegate.m */; };
		5EE345421E86BB04007FCFEB /* ViewController.m in Sources */ = {isa = PBXBuildFile; fileRef = 5EE345411E86BB04007FCFEB /* ViewController.m */; };
		5EE345451E86BB04007FCFEB /* Main.storyboard in Resources */ = {isa = PBXBuildFile; fileRef = 5EE345431E86BB04007FCFEB /* Main.storyboard */; };
		5EE345471E86BB04007FCFEB /* Assets.xcassets in Resources */ = {isa = PBXBuildFile; fileRef = 5EE345461E86BB04007FCFEB /* Assets.xcassets */; };
		5EE3454A1E86BB04007FCFEB /* LaunchScreen.storyboard in Resources */ = {isa = PBXBuildFile; fileRef = 5EE345481E86BB04007FCFEB /* LaunchScreen.storyboard */; };
		5EE345541E86BB64007FCFEB /* MKAToastView.m in Sources */ = {isa = PBXBuildFile; fileRef = 5EE345531E86BB64007FCFEB /* MKAToastView.m */; };
/* End PBXBuildFile section */

/* Begin PBXFileReference section */
		5EE345371E86BB04007FCFEB /* MKAToastView.app */ = {isa = PBXFileReference; explicitFileType = wrapper.application; includeInIndex = 0; path = MKAToastView.app; sourceTree = BUILT_PRODUCTS_DIR; };
		5EE3453B1E86BB04007FCFEB /* main.m */ = {isa = PBXFileReference; lastKnownFileType = sourcecode.c.objc; path = main.m; sourceTree = "<group>"; };
		5EE3453D1E86BB04007FCFEB /* AppDelegate.h */ = {isa = PBXFileReference; lastKnownFileType = sourcecode.c.h; path = AppDelegate.h; sourceTree = "<group>"; };
		5EE3453E1E86BB04007FCFEB /* AppDelegate.m */ = {isa = PBXFileReference; lastKnownFileType = sourcecode.c.objc; path = AppDelegate.m; sourceTree = "<group>"; };
		5EE345401E86BB04007FCFEB /* ViewController.h */ = {isa = PBXFileReference; lastKnownFileType = sourcecode.c.h; path = ViewController.h; sourceTree = "<group>"; };
		5EE345411E86BB04007FCFEB /* ViewController.m */ = {isa = PBXFileReference; lastKnownFileType = sourcecode.c.objc; path = ViewController.m; sourceTree = "<group>"; };
		5EE345441E86BB04007FCFEB /* Base */ = {isa = PBXFileReference; lastKnownFileType = file.storyboard; name = Base; path = Base.lproj/Main.storyboard; sourceTree = "<group>"; };
		5EE345461E86BB04007FCFEB /* Assets.xcassets */ = {isa = PBXFileReference; lastKnownFileType = folder.assetcatalog; path = Assets.xcassets; sourceTree = "<group>"; };
		5EE345491E86BB04007FCFEB /* Base */ = {isa = PBXFileReference; lastKnownFileType = file.storyboard; name = Base; path = Base.lproj/LaunchScreen.storyboard; sourceTree = "<group>"; };
		5EE3454B1E86BB04007FCFEB /* Info.plist */ = {isa = PBXFileReference; lastKnownFileType = text.plist.xml; path = Info.plist; sourceTree = "<group>"; };
		5EE345521E86BB64007FCFEB /* MKAToastView.h */ = {isa = PBXFileReference; fileEncoding = 4; lastKnownFileType = sourcecode.c.h; path = MKAToastView.h; sourceTree = "<group>"; };
		5EE345531E86BB64007FCFEB /* MKAToastView.m */ = {isa = PBXFileReference; fileEncoding = 4; lastKnownFileType = sourcecode.c.objc; path = MKAToastView.m; sourceTree = "<group>"; };
/* End PBXFileReference section */

/* Begin PBXFrameworksBuildPhase section */
		5EE345341E86BB04007FCFEB /* Frameworks */ = {
			isa = PBXFrameworksBuildPhase;
			buildActionMask = 2147483647;
			files = (
			);
			runOnlyForDeploymentPostprocessing = 0;
		};
/* End PBXFrameworksBuildPhase section */

/* Begin PBXGroup section */
		5EE3452E1E86BB04007FCFEB = {
			isa = PBXGroup;
			children = (
				5EE345391E86BB04007FCFEB /* MKAToastView */,
				5EE345381E86BB04007FCFEB /* Products */,
			);
			sourceTree = "<group>";
		};
		5EE345381E86BB04007FCFEB /* Products */ = {
			isa = PBXGroup;
			children = (
				5EE345371E86BB04007FCFEB /* MKAToastView.app */,
			);
			name = Products;
			sourceTree = "<group>";
		};
		5EE345391E86BB04007FCFEB /* MKAToastView */ = {
			isa = PBXGroup;
			children = (
				5EE3453D1E86BB04007FCFEB /* AppDelegate.h */,
				5EE3453E1E86BB04007FCFEB /* AppDelegate.m */,
				5EE345461E86BB04007FCFEB /* Assets.xcassets */,
				5EE3454B1E86BB04007FCFEB /* Info.plist */,
				5EE345481E86BB04007FCFEB /* LaunchScreen.storyboard */,
				5EE345511E86BB30007FCFEB /* lib */,
				5EE345431E86BB04007FCFEB /* Main.storyboard */,
				5EE3453A1E86BB04007FCFEB /* Supporting Files */,
				5EE345401E86BB04007FCFEB /* ViewController.h */,
				5EE345411E86BB04007FCFEB /* ViewController.m */,
			);
			path = MKAToastView;
			sourceTree = "<group>";
		};
		5EE3453A1E86BB04007FCFEB /* Supporting Files */ = {
			isa = PBXGroup;
			children = (
				5EE3453B1E86BB04007FCFEB /* main.m */,
			);
			name = "Supporting Files";
			sourceTree = "<group>";
		};
		5EE345511E86BB30007FCFEB /* lib */ = {
			isa = PBXGroup;
			children = (
				5EE345521E86BB64007FCFEB /* MKAToastView.h */,
				5EE345531E86BB64007FCFEB /* MKAToastView.m */,
			);
			path = lib;
			sourceTree = "<group>";
		};
/* End PBXGroup section */

/* Begin PBXNativeTarget section */
		5EE345361E86BB04007FCFEB /* MKAToastView */ = {
			isa = PBXNativeTarget;
			buildConfigurationList = 5EE3454E1E86BB04007FCFEB /* Build configuration list for PBXNativeTarget "MKAToastView" */;
			buildPhases = (
				5EE345331E86BB04007FCFEB /* Sources */,
				5EE345341E86BB04007FCFEB /* Frameworks */,
				5EE345351E86BB04007FCFEB /* Resources */,
			);
			buildRules = (
			);
			dependencies = (
			);
			name = MKAToastView;
			productName = MKAToastView;
			productReference = 5EE345371E86BB04007FCFEB /* MKAToastView.app */;
			productType = "com.apple.product-type.application";
		};
/* End PBXNativeTarget section */

/* Begin PBXProject section */
		5EE3452F1E86BB04007FCFEB /* Project object */ = {
			isa = PBXProject;
			attributes = {
				LastUpgradeCheck = 0820;
				ORGANIZATIONNAME = "Hituzi Ando";
				TargetAttributes = {
					5EE345361E86BB04007FCFEB = {
						CreatedOnToolsVersion = 8.2.1;
						DevelopmentTeam = 5EBK5DQGGP;
						ProvisioningStyle = Automatic;
					};
				};
			};
			buildConfigurationList = 5EE345321E86BB04007FCFEB /* Build configuration list for PBXProject "MKAToastView" */;
			compatibilityVersion = "Xcode 3.2";
			developmentRegion = English;
			hasScannedForEncodings = 0;
			knownRegions = (
				en,
				Base,
			);
			mainGroup = 5EE3452E1E86BB04007FCFEB;
			productRefGroup = 5EE345381E86BB04007FCFEB /* Products */;
			projectDirPath = "";
			projectRoot = "";
			targets = (
				5EE345361E86BB04007FCFEB /* MKAToastView */,
			);
		};
/* End PBXProject section */

/* Begin PBXResourcesBuildPhase section */
		5EE345351E86BB04007FCFEB /* Resources */ = {
			isa = PBXResourcesBuildPhase;
			buildActionMask = 2147483647;
			files = (
				5EE3454A1E86BB04007FCFEB /* LaunchScreen.storyboard in Resources */,
				5EE345471E86BB04007FCFEB /* Assets.xcassets in Resources */,
				5EE345451E86BB04007FCFEB /* Main.storyboard in Resources */,
			);
			runOnlyForDeploymentPostprocessing = 0;
		};
/* End PBXResourcesBuildPhase section */

/* Begin PBXSourcesBuildPhase section */
		5EE345331E86BB04007FCFEB /* Sources */ = {
			isa = PBXSourcesBuildPhase;
			buildActionMask = 2147483647;
			files = (
				5EE345541E86BB64007FCFEB /* MKAToastView.m in Sources */,
				5EE345421E86BB04007FCFEB /* ViewController.m in Sources */,
				5EE3453F1E86BB04007FCFEB /* AppDelegate.m in Sources */,
				5EE3453C1E86BB04007FCFEB /* main.m in Sources */,
			);
			runOnlyForDeploymentPostprocessing = 0;
		};
/* End PBXSourcesBuildPhase section */

/* Begin PBXVariantGroup section */
		5EE345431E86BB04007FCFEB /* Main.storyboard */ = {
			isa = PBXVariantGroup;
			children = (
				5EE345441E86BB04007FCFEB /* Base */,
			);
			name = Main.storyboard;
			sourceTree = "<group>";
		};
		5EE345481E86BB04007FCFEB /* LaunchScreen.storyboard */ = {
			isa = PBXVariantGroup;
			children = (
				5EE345491E86BB04007FCFEB /* Base */,
			);
			name = LaunchScreen.storyboard;
			sourceTree = "<group>";
		};
/* End PBXVariantGroup section */

/* Begin XCBuildConfiguration section */
		5EE3454C1E86BB04007FCFEB /* Debug */ = {
			isa = XCBuildConfiguration;
			buildSettings = {
				ALWAYS_SEARCH_USER_PATHS = NO;
				CLANG_ANALYZER_NONNULL = YES;
				CLANG_CXX_LANGUAGE_STANDARD = "gnu++0x";
				CLANG_CXX_LIBRARY = "libc++";
				CLANG_ENABLE_MODULES = YES;
				CLANG_ENABLE_OBJC_ARC = YES;
				CLANG_WARN_BOOL_CONVERSION = YES;
				CLANG_WARN_CONSTANT_CONVERSION = YES;
				CLANG_WARN_DIRECT_OBJC_ISA_USAGE = YES_ERROR;
				CLANG_WARN_DOCUMENTATION_COMMENTS = YES;
				CLANG_WARN_EMPTY_BODY = YES;
				CLANG_WARN_ENUM_CONVERSION = YES;
				CLANG_WARN_INFINITE_RECURSION = YES;
				CLANG_WARN_INT_CONVERSION = YES;
				CLANG_WARN_OBJC_ROOT_CLASS = YES_ERROR;
				CLANG_WARN_SUSPICIOUS_MOVE = YES;
				CLANG_WARN_UNREACHABLE_CODE = YES;
				CLANG_WARN__DUPLICATE_METHOD_MATCH = YES;
				"CODE_SIGN_IDENTITY[sdk=iphoneos*]" = "iPhone Developer";
				COPY_PHASE_STRIP = NO;
				DEBUG_INFORMATION_FORMAT = dwarf;
				ENABLE_STRICT_OBJC_MSGSEND = YES;
				ENABLE_TESTABILITY = YES;
				GCC_C_LANGUAGE_STANDARD = gnu99;
				GCC_DYNAMIC_NO_PIC = NO;
				GCC_NO_COMMON_BLOCKS = YES;
				GCC_OPTIMIZATION_LEVEL = 0;
				GCC_PREPROCESSOR_DEFINITIONS = (
					"DEBUG=1",
					"$(inherited)",
				);
				GCC_WARN_64_TO_32_BIT_CONVERSION = YES;
				GCC_WARN_ABOUT_RETURN_TYPE = YES_ERROR;
				GCC_WARN_UNDECLARED_SELECTOR = YES;
				GCC_WARN_UNINITIALIZED_AUTOS = YES_AGGRESSIVE;
				GCC_WARN_UNUSED_FUNCTION = YES;
				GCC_WARN_UNUSED_VARIABLE = YES;
				IPHONEOS_DEPLOYMENT_TARGET = 10.2;
				MTL_ENABLE_DEBUG_INFO = YES;
				ONLY_ACTIVE_ARCH = YES;
				SDKROOT = iphoneos;
			};
			name = Debug;
		};
		5EE3454D1E86BB04007FCFEB /* Release */ = {
			isa = XCBuildConfiguration;
			buildSettings = {
				ALWAYS_SEARCH_USER_PATHS = NO;
				CLANG_ANALYZER_NONNULL = YES;
				CLANG_CXX_LANGUAGE_STANDARD = "gnu++0x";
				CLANG_CXX_LIBRARY = "libc++";
				CLANG_ENABLE_MODULES = YES;
				CLANG_ENABLE_OBJC_ARC = YES;
				CLANG_WARN_BOOL_CONVERSION = YES;
				CLANG_WARN_CONSTANT_CONVERSION = YES;
				CLANG_WARN_DIRECT_OBJC_ISA_USAGE = YES_ERROR;
				CLANG_WARN_DOCUMENTATION_COMMENTS = YES;
				CLANG_WARN_EMPTY_BODY = YES;
				CLANG_WARN_ENUM_CONVERSION = YES;
				CLANG_WARN_INFINITE_RECURSION = YES;
				CLANG_WARN_INT_CONVERSION = YES;
				CLANG_WARN_OBJC_ROOT_CLASS = YES_ERROR;
				CLANG_WARN_SUSPICIOUS_MOVE = YES;
				CLANG_WARN_UNREACHABLE_CODE = YES;
				CLANG_WARN__DUPLICATE_METHOD_MATCH = YES;
				"CODE_SIGN_IDENTITY[sdk=iphoneos*]" = "iPhone Developer";
				COPY_PHASE_STRIP = NO;
				DEBUG_INFORMATION_FORMAT = "dwarf-with-dsym";
				ENABLE_NS_ASSERTIONS = NO;
				ENABLE_STRICT_OBJC_MSGSEND = YES;
				GCC_C_LANGUAGE_STANDARD = gnu99;
				GCC_NO_COMMON_BLOCKS = YES;
				GCC_WARN_64_TO_32_BIT_CONVERSION = YES;
				GCC_WARN_ABOUT_RETURN_TYPE = YES_ERROR;
				GCC_WARN_UNDECLARED_SELECTOR = YES;
				GCC_WARN_UNINITIALIZED_AUTOS = YES_AGGRESSIVE;
				GCC_WARN_UNUSED_FUNCTION = YES;
				GCC_WARN_UNUSED_VARIABLE = YES;
				IPHONEOS_DEPLOYMENT_TARGET = 10.2;
				MTL_ENABLE_DEBUG_INFO = NO;
				SDKROOT = iphoneos;
				VALIDATE_PRODUCT = YES;
			};
			name = Release;
		};
		5EE3454F1E86BB04007FCFEB /* Debug */ = {
			isa = XCBuildConfiguration;
			buildSettings = {
				ASSETCATALOG_COMPILER_APPICON_NAME = AppIcon;
				DEVELOPMENT_TEAM = 5EBK5DQGGP;
				INFOPLIST_FILE = MKAToastView/Info.plist;
				LD_RUNPATH_SEARCH_PATHS = "$(inherited) @executable_path/Frameworks";
				PRODUCT_BUNDLE_IDENTIFIER = jp.hituzi.toastview.MKAToastView;
				PRODUCT_NAME = "$(TARGET_NAME)";
			};
			name = Debug;
		};
		5EE345501E86BB04007FCFEB /* Release */ = {
			isa = XCBuildConfiguration;
			buildSettings = {
				ASSETCATALOG_COMPILER_APPICON_NAME = AppIcon;
				DEVELOPMENT_TEAM = 5EBK5DQGGP;
				INFOPLIST_FILE = MKAToastView/Info.plist;
				LD_RUNPATH_SEARCH_PATHS = "$(inherited) @executable_path/Frameworks";
				PRODUCT_BUNDLE_IDENTIFIER = jp.hituzi.toastview.MKAToastView;
				PRODUCT_NAME = "$(TARGET_NAME)";
			};
			name = Release;
		};
/* End XCBuildConfiguration section */

/* Begin XCConfigurationList section */
		5EE345321E86BB04007FCFEB /* Build configuration list for PBXProject "MKAToastView" */ = {
			isa = XCConfigurationList;
			buildConfigurations = (
				5EE3454C1E86BB04007FCFEB /* Debug */,
				5EE3454D1E86BB04007FCFEB /* Release */,
			);
			defaultConfigurationIsVisible = 0;
			defaultConfigurationName = Release;
		};
		5EE3454E1E86BB04007FCFEB /* Build configuration list for PBXNativeTarget "MKAToastView" */ = {
			isa = XCConfigurationList;
			buildConfigurations = (
				5EE3454F1E86BB04007FCFEB /* Debug */,
				5EE345501E86BB04007FCFEB /* Release */,
			);
			defaultConfigurationIsVisible = 0;
		};
/* End XCConfigurationList section */
	};
	rootObject = 5EE3452F1E86BB04007FCFEB /* Project object */;
}
